// !$*UTF8*$!
{
	archiveVersion = 1;
	classes = {
	};
	objectVersion = 46;
	objects = {

/* Begin PBXBuildFile section */
		9918B66415BEE0FF00FA033D /* UIKit.framework in Frameworks */ = {isa = PBXBuildFile; fileRef = 9918B66315BEE0FF00FA033D /* UIKit.framework */; };
		9918B66615BEE0FF00FA033D /* Foundation.framework in Frameworks */ = {isa = PBXBuildFile; fileRef = 9918B66515BEE0FF00FA033D /* Foundation.framework */; };
		9918B66815BEE0FF00FA033D /* CoreGraphics.framework in Frameworks */ = {isa = PBXBuildFile; fileRef = 9918B66715BEE0FF00FA033D /* CoreGraphics.framework */; };
		9918B66E15BEE0FF00FA033D /* InfoPlist.strings in Resources */ = {isa = PBXBuildFile; fileRef = 9918B66C15BEE0FF00FA033D /* InfoPlist.strings */; };
		9918B67015BEE0FF00FA033D /* main.m in Sources */ = {isa = PBXBuildFile; fileRef = 9918B66F15BEE0FF00FA033D /* main.m */; };
		9918B67415BEE0FF00FA033D /* AppDelegate.m in Sources */ = {isa = PBXBuildFile; fileRef = 9918B67315BEE0FF00FA033D /* AppDelegate.m */; };
		9918B67715BEE0FF00FA033D /* MainStoryboard_iPhone.storyboard in Resources */ = {isa = PBXBuildFile; fileRef = 9918B67515BEE0FF00FA033D /* MainStoryboard_iPhone.storyboard */; };
		9918B67A15BEE0FF00FA033D /* MainStoryboard_iPad.storyboard in Resources */ = {isa = PBXBuildFile; fileRef = 9918B67815BEE0FF00FA033D /* MainStoryboard_iPad.storyboard */; };
		9918B67D15BEE0FF00FA033D /* ViewController.m in Sources */ = {isa = PBXBuildFile; fileRef = 9918B67C15BEE0FF00FA033D /* ViewController.m */; };
		FA0C24F115BFAD2F00073EDD /* README in Resources */ = {isa = PBXBuildFile; fileRef = FA0C24F015BFAD2F00073EDD /* README */; };
		FA0C24F915BFD21100073EDD /* SignInViewController.m in Sources */ = {isa = PBXBuildFile; fileRef = FA0C24F715BFD21100073EDD /* SignInViewController.m */; };
		FA0C24FA15BFD21100073EDD /* SignInViewController.xib in Resources */ = {isa = PBXBuildFile; fileRef = FA0C24F815BFD21100073EDD /* SignInViewController.xib */; };
		FA0C24FD15BFD6B900073EDD /* Settings.bundle in Resources */ = {isa = PBXBuildFile; fileRef = FA0C24FC15BFD6B900073EDD /* Settings.bundle */; };
/* End PBXBuildFile section */

/* Begin PBXFileReference section */
		9918B65F15BEE0FF00FA033D /* HelloGitHub.app */ = {isa = PBXFileReference; explicitFileType = wrapper.application; includeInIndex = 0; path = HelloGitHub.app; sourceTree = BUILT_PRODUCTS_DIR; };
		9918B66315BEE0FF00FA033D /* UIKit.framework */ = {isa = PBXFileReference; lastKnownFileType = wrapper.framework; name = UIKit.framework; path = System/Library/Frameworks/UIKit.framework; sourceTree = SDKROOT; };
		9918B66515BEE0FF00FA033D /* Foundation.framework */ = {isa = PBXFileReference; lastKnownFileType = wrapper.framework; name = Foundation.framework; path = System/Library/Frameworks/Foundation.framework; sourceTree = SDKROOT; };
		9918B66715BEE0FF00FA033D /* CoreGraphics.framework */ = {isa = PBXFileReference; lastKnownFileType = wrapper.framework; name = CoreGraphics.framework; path = System/Library/Frameworks/CoreGraphics.framework; sourceTree = SDKROOT; };
		9918B66B15BEE0FF00FA033D /* HelloGitHub-Info.plist */ = {isa = PBXFileReference; lastKnownFileType = text.plist.xml; path = "HelloGitHub-Info.plist"; sourceTree = "<group>"; };
		9918B66D15BEE0FF00FA033D /* en */ = {isa = PBXFileReference; lastKnownFileType = text.plist.strings; name = en; path = en.lproj/InfoPlist.strings; sourceTree = "<group>"; };
		9918B66F15BEE0FF00FA033D /* main.m */ = {isa = PBXFileReference; lastKnownFileType = sourcecode.c.objc; path = main.m; sourceTree = "<group>"; };
		9918B67115BEE0FF00FA033D /* HelloGitHub-Prefix.pch */ = {isa = PBXFileReference; lastKnownFileType = sourcecode.c.h; path = "HelloGitHub-Prefix.pch"; sourceTree = "<group>"; };
		9918B67215BEE0FF00FA033D /* AppDelegate.h */ = {isa = PBXFileReference; lastKnownFileType = sourcecode.c.h; path = AppDelegate.h; sourceTree = "<group>"; };
		9918B67315BEE0FF00FA033D /* AppDelegate.m */ = {isa = PBXFileReference; lastKnownFileType = sourcecode.c.objc; path = AppDelegate.m; sourceTree = "<group>"; };
		9918B67615BEE0FF00FA033D /* en */ = {isa = PBXFileReference; lastKnownFileType = file.storyboard; name = en; path = en.lproj/MainStoryboard_iPhone.storyboard; sourceTree = "<group>"; };
		9918B67915BEE0FF00FA033D /* en */ = {isa = PBXFileReference; lastKnownFileType = file.storyboard; name = en; path = en.lproj/MainStoryboard_iPad.storyboard; sourceTree = "<group>"; };
		9918B67B15BEE0FF00FA033D /* ViewController.h */ = {isa = PBXFileReference; lastKnownFileType = sourcecode.c.h; path = ViewController.h; sourceTree = "<group>"; };
		9918B67C15BEE0FF00FA033D /* ViewController.m */ = {isa = PBXFileReference; lastKnownFileType = sourcecode.c.objc; path = ViewController.m; sourceTree = "<group>"; };
		FA0C24F015BFAD2F00073EDD /* README */ = {isa = PBXFileReference; fileEncoding = 4; lastKnownFileType = text; path = README; sourceTree = SOURCE_ROOT; };
		FA0C24F615BFD21100073EDD /* SignInViewController.h */ = {isa = PBXFileReference; fileEncoding = 4; lastKnownFileType = sourcecode.c.h; path = SignInViewController.h; sourceTree = "<group>"; };
		FA0C24F715BFD21100073EDD /* SignInViewController.m */ = {isa = PBXFileReference; fileEncoding = 4; lastKnownFileType = sourcecode.c.objc; path = SignInViewController.m; sourceTree = "<group>"; };
		FA0C24F815BFD21100073EDD /* SignInViewController.xib */ = {isa = PBXFileReference; fileEncoding = 4; lastKnownFileType = file.xib; path = SignInViewController.xib; sourceTree = "<group>"; };
		FA0C24FC15BFD6B900073EDD /* Settings.bundle */ = {isa = PBXFileReference; lastKnownFileType = "wrapper.plug-in"; path = Settings.bundle; sourceTree = "<group>"; };
/* End PBXFileReference section */

/* Begin PBXFrameworksBuildPhase section */
		9918B65C15BEE0FF00FA033D /* Frameworks */ = {
			isa = PBXFrameworksBuildPhase;
			buildActionMask = 2147483647;
			files = (
				9918B66415BEE0FF00FA033D /* UIKit.framework in Frameworks */,
				9918B66615BEE0FF00FA033D /* Foundation.framework in Frameworks */,
				9918B66815BEE0FF00FA033D /* CoreGraphics.framework in Frameworks */,
			);
			runOnlyForDeploymentPostprocessing = 0;
		};
/* End PBXFrameworksBuildPhase section */

/* Begin PBXGroup section */
		9918B65415BEE0FF00FA033D = {
			isa = PBXGroup;
			children = (
				9918B66915BEE0FF00FA033D /* HelloGitHub */,
				9918B66215BEE0FF00FA033D /* Frameworks */,
				9918B66015BEE0FF00FA033D /* Products */,
			);
			sourceTree = "<group>";
		};
		9918B66015BEE0FF00FA033D /* Products */ = {
			isa = PBXGroup;
			children = (
				9918B65F15BEE0FF00FA033D /* HelloGitHub.app */,
			);
			name = Products;
			sourceTree = "<group>";
		};
		9918B66215BEE0FF00FA033D /* Frameworks */ = {
			isa = PBXGroup;
			children = (
				9918B66315BEE0FF00FA033D /* UIKit.framework */,
				9918B66515BEE0FF00FA033D /* Foundation.framework */,
				9918B66715BEE0FF00FA033D /* CoreGraphics.framework */,
			);
			name = Frameworks;
			sourceTree = "<group>";
		};
		9918B66915BEE0FF00FA033D /* HelloGitHub */ = {
			isa = PBXGroup;
			children = (
				9918B67215BEE0FF00FA033D /* AppDelegate.h */,
				9918B67315BEE0FF00FA033D /* AppDelegate.m */,
				9918B67515BEE0FF00FA033D /* MainStoryboard_iPhone.storyboard */,
				9918B67815BEE0FF00FA033D /* MainStoryboard_iPad.storyboard */,
				9918B67B15BEE0FF00FA033D /* ViewController.h */,
				9918B67C15BEE0FF00FA033D /* ViewController.m */,
				FA0C24F615BFD21100073EDD /* SignInViewController.h */,
				FA0C24F715BFD21100073EDD /* SignInViewController.m */,
				FA0C24F815BFD21100073EDD /* SignInViewController.xib */,
				9918B66A15BEE0FF00FA033D /* Supporting Files */,
				FA0C24FC15BFD6B900073EDD /* Settings.bundle */,
			);
			path = HelloGitHub;
			sourceTree = "<group>";
		};
		9918B66A15BEE0FF00FA033D /* Supporting Files */ = {
			isa = PBXGroup;
			children = (
				FA0C24F015BFAD2F00073EDD /* README */,
				9918B66B15BEE0FF00FA033D /* HelloGitHub-Info.plist */,
				9918B66C15BEE0FF00FA033D /* InfoPlist.strings */,
				9918B66F15BEE0FF00FA033D /* main.m */,
				9918B67115BEE0FF00FA033D /* HelloGitHub-Prefix.pch */,
			);
			name = "Supporting Files";
			sourceTree = "<group>";
		};
/* End PBXGroup section */

/* Begin PBXNativeTarget section */
		9918B65E15BEE0FF00FA033D /* HelloGitHub */ = {
			isa = PBXNativeTarget;
			buildConfigurationList = 9918B68015BEE0FF00FA033D /* Build configuration list for PBXNativeTarget "HelloGitHub" */;
			buildPhases = (
				9918B65B15BEE0FF00FA033D /* Sources */,
				9918B65C15BEE0FF00FA033D /* Frameworks */,
				9918B65D15BEE0FF00FA033D /* Resources */,
			);
			buildRules = (
			);
			dependencies = (
			);
			name = HelloGitHub;
			productName = HelloGitHub;
			productReference = 9918B65F15BEE0FF00FA033D /* HelloGitHub.app */;
			productType = "com.apple.product-type.application";
		};
/* End PBXNativeTarget section */

/* Begin PBXProject section */
		9918B65615BEE0FF00FA033D /* Project object */ = {
			isa = PBXProject;
			attributes = {
				LastUpgradeCheck = 0450;
				ORGANIZATIONNAME = Uniy;
			};
			buildConfigurationList = 9918B65915BEE0FF00FA033D /* Build configuration list for PBXProject "HelloGitHub" */;
			compatibilityVersion = "Xcode 3.2";
			developmentRegion = English;
			hasScannedForEncodings = 0;
			knownRegions = (
				en,
			);
			mainGroup = 9918B65415BEE0FF00FA033D;
			productRefGroup = 9918B66015BEE0FF00FA033D /* Products */;
			projectDirPath = "";
			projectRoot = "";
			targets = (
				9918B65E15BEE0FF00FA033D /* HelloGitHub */,
			);
		};
/* End PBXProject section */

/* Begin PBXResourcesBuildPhase section */
		9918B65D15BEE0FF00FA033D /* Resources */ = {
			isa = PBXResourcesBuildPhase;
			buildActionMask = 2147483647;
			files = (
				9918B66E15BEE0FF00FA033D /* InfoPlist.strings in Resources */,
				9918B67715BEE0FF00FA033D /* MainStoryboard_iPhone.storyboard in Resources */,
				9918B67A15BEE0FF00FA033D /* MainStoryboard_iPad.storyboard in Resources */,
				FA0C24F115BFAD2F00073EDD /* README in Resources */,
				FA0C24FA15BFD21100073EDD /* SignInViewController.xib in Resources */,
				FA0C24FD15BFD6B900073EDD /* Settings.bundle in Resources */,
			);
			runOnlyForDeploymentPostprocessing = 0;
		};
/* End PBXResourcesBuildPhase section */

/* Begin PBXSourcesBuildPhase section */
		9918B65B15BEE0FF00FA033D /* Sources */ = {
			isa = PBXSourcesBuildPhase;
			buildActionMask = 2147483647;
			files = (
				9918B67015BEE0FF00FA033D /* main.m in Sources */,
				9918B67415BEE0FF00FA033D /* AppDelegate.m in Sources */,
				9918B67D15BEE0FF00FA033D /* ViewController.m in Sources */,
				FA0C24F915BFD21100073EDD /* SignInViewController.m in Sources */,
			);
			runOnlyForDeploymentPostprocessing = 0;
		};
/* End PBXSourcesBuildPhase section */

/* Begin PBXVariantGroup section */
		9918B66C15BEE0FF00FA033D /* InfoPlist.strings */ = {
			isa = PBXVariantGroup;
			children = (
				9918B66D15BEE0FF00FA033D /* en */,
			);
			name = InfoPlist.strings;
			sourceTree = "<group>";
		};
		9918B67515BEE0FF00FA033D /* MainStoryboard_iPhone.storyboard */ = {
			isa = PBXVariantGroup;
			children = (
				9918B67615BEE0FF00FA033D /* en */,
			);
			name = MainStoryboard_iPhone.storyboard;
			sourceTree = "<group>";
		};
		9918B67815BEE0FF00FA033D /* MainStoryboard_iPad.storyboard */ = {
			isa = PBXVariantGroup;
			children = (
				9918B67915BEE0FF00FA033D /* en */,
			);
			name = MainStoryboard_iPad.storyboard;
			sourceTree = "<group>";
		};
/* End PBXVariantGroup section */

/* Begin XCBuildConfiguration section */
		9918B67E15BEE0FF00FA033D /* Debug */ = {
			isa = XCBuildConfiguration;
			buildSettings = {
				ALWAYS_SEARCH_USER_PATHS = NO;
				CLANG_CXX_LANGUAGE_STANDARD = "gnu++0x";
				CLANG_ENABLE_OBJC_ARC = YES;
				CLANG_WARN__DUPLICATE_METHOD_MATCH = YES;
				"CODE_SIGN_IDENTITY[sdk=iphoneos*]" = "iPhone Developer";
				COPY_PHASE_STRIP = NO;
				GCC_C_LANGUAGE_STANDARD = gnu99;
				GCC_DYNAMIC_NO_PIC = NO;
				GCC_OPTIMIZATION_LEVEL = 0;
				GCC_PREPROCESSOR_DEFINITIONS = (
					"DEBUG=1",
					"$(inherited)",
				);
				GCC_SYMBOLS_PRIVATE_EXTERN = NO;
				GCC_WARN_ABOUT_RETURN_TYPE = YES;
				GCC_WARN_UNINITIALIZED_AUTOS = YES;
				GCC_WARN_UNUSED_VARIABLE = YES;
				IPHONEOS_DEPLOYMENT_TARGET = 6.0;
				SDKROOT = iphoneos;
				TARGETED_DEVICE_FAMILY = "1,2";
			};
			name = Debug;
		};
		9918B67F15BEE0FF00FA033D /* Release */ = {
			isa = XCBuildConfiguration;
			buildSettings = {
				ALWAYS_SEARCH_USER_PATHS = NO;
				CLANG_CXX_LANGUAGE_STANDARD = "gnu++0x";
				CLANG_ENABLE_OBJC_ARC = YES;
				CLANG_WARN__DUPLICATE_METHOD_MATCH = YES;
				"CODE_SIGN_IDENTITY[sdk=iphoneos*]" = "iPhone Developer";
				COPY_PHASE_STRIP = YES;
				GCC_C_LANGUAGE_STANDARD = gnu99;
				GCC_WARN_ABOUT_RETURN_TYPE = YES;
				GCC_WARN_UNINITIALIZED_AUTOS = YES;
				GCC_WARN_UNUSED_VARIABLE = YES;
				IPHONEOS_DEPLOYMENT_TARGET = 6.0;
				OTHER_CFLAGS = "-DNS_BLOCK_ASSERTIONS=1";
				SDKROOT = iphoneos;
				TARGETED_DEVICE_FAMILY = "1,2";
				VALIDATE_PRODUCT = YES;
			};
			name = Release;
		};
		9918B68115BEE0FF00FA033D /* Debug */ = {
			isa = XCBuildConfiguration;
			buildSettings = {
				GCC_PRECOMPILE_PREFIX_HEADER = YES;
				GCC_PREFIX_HEADER = "HelloGitHub/HelloGitHub-Prefix.pch";
				INFOPLIST_FILE = "HelloGitHub/HelloGitHub-Info.plist";
				IPHONEOS_DEPLOYMENT_TARGET = 5.1;
				PRODUCT_NAME = "$(TARGET_NAME)";
				WRAPPER_EXTENSION = app;
			};
			name = Debug;
		};
		9918B68215BEE0FF00FA033D /* Release */ = {
			isa = XCBuildConfiguration;
			buildSettings = {
				GCC_PRECOMPILE_PREFIX_HEADER = YES;
				GCC_PREFIX_HEADER = "HelloGitHub/HelloGitHub-Prefix.pch";
				INFOPLIST_FILE = "HelloGitHub/HelloGitHub-Info.plist";
				IPHONEOS_DEPLOYMENT_TARGET = 5.1;
				PRODUCT_NAME = "$(TARGET_NAME)";
				WRAPPER_EXTENSION = app;
			};
			name = Release;
		};
/* End XCBuildConfiguration section */

/* Begin XCConfigurationList section */
		9918B65915BEE0FF00FA033D /* Build configuration list for PBXProject "HelloGitHub" */ = {
			isa = XCConfigurationList;
			buildConfigurations = (
				9918B67E15BEE0FF00FA033D /* Debug */,
				9918B67F15BEE0FF00FA033D /* Release */,
			);
			defaultConfigurationIsVisible = 0;
			defaultConfigurationName = Release;
		};
		9918B68015BEE0FF00FA033D /* Build configuration list for PBXNativeTarget "HelloGitHub" */ = {
			isa = XCConfigurationList;
			buildConfigurations = (
				9918B68115BEE0FF00FA033D /* Debug */,
				9918B68215BEE0FF00FA033D /* Release */,
			);
			defaultConfigurationIsVisible = 0;
			defaultConfigurationName = Release;
		};
/* End XCConfigurationList section */
	};
	rootObject = 9918B65615BEE0FF00FA033D /* Project object */;
}
